# THIS IS AN AUTOGENERATED FILE. DO NOT EDIT THIS FILE DIRECTLY.
# yarn lockfile v1


"@types/estree@*":
  version "0.0.47"
  resolved "https://registry.yarnpkg.com/@types/estree/-/estree-0.0.47.tgz#d7a51db20f0650efec24cd04994f523d93172ed4"
  integrity sha512-c5ciR06jK8u9BstrmJyO97m+klJrrhCf9u3rLu3DEAJBirxRqSCvDQoYKmxuYwQI5SZChAWu+tq9oVlGRuzPAg==

"@types/node@*":
  version "14.14.37"
  resolved "https://registry.yarnpkg.com/@types/node/-/node-14.14.37.tgz#a3dd8da4eb84a996c36e331df98d82abd76b516e"
  integrity sha512-XYmBiy+ohOR4Lh5jE379fV2IU+6Jn4g5qASinhitfyO71b/sCo6MKsMLF5tc7Zf2CE8hViVQyYSobJNke8OvUw==

acorn@^7.1.0:
  version "7.4.1"
  resolved "https://registry.yarnpkg.com/acorn/-/acorn-7.4.1.tgz#feaed255973d2e77555b83dbc08851a6c63520fa"
  integrity sha512-nQyp0o1/mNdbTO1PO6kHkwSrmgZ0MT/jCCpNiwbUjGoRN4dlBhqJtoQuCnEOKzgTVwg0ZWiCoQy6SxMebQVh8A==

bs-platform@^5.2.1:
  version "5.2.1"
  resolved "https://registry.yarnpkg.com/bs-platform/-/bs-platform-5.2.1.tgz#3f76f6d4f4c7255296375a8104c8be332770b691"
  integrity sha512-3ISP+RBC/NYILiJnphCY0W3RTYpQ11JGa2dBBLVug5fpFZ0qtSaL3ZplD8MyjNeXX2bC7xgrWfgBSn8Tc9om7Q==

date-fns@2.18.0:
  version "2.18.0"
  resolved "https://registry.yarnpkg.com/date-fns/-/date-fns-2.18.0.tgz#08e50aee300ad0d2c5e054e3f0d10d8f9cdfe09e"
  integrity sha512-NYyAg4wRmGVU4miKq5ivRACOODdZRY3q5WLmOJSq8djyzftYphU7dTHLcEtLqEvfqMKQ0jVv91P4BAwIjsXIcw==

rollup@^1.27.4:
  version "1.32.1"
  resolved "https://registry.yarnpkg.com/rollup/-/rollup-1.32.1.tgz#4480e52d9d9e2ae4b46ba0d9ddeaf3163940f9c4"
  integrity sha512-/2HA0Ec70TvQnXdzynFffkjA6XN+1e2pEv/uKS5Ulca40g2L7KuOE3riasHoNVHOsFD5KKZgDsMk1CP3Tw9s+A==
  dependencies:
    "@types/estree" "*"
    "@types/node" "*"
    acorn "^7.1.0"
